
Microsoft Visual Studio Solution File, Format Version 12.00
# Visual Studio Version 17
VisualStudioVersion = 17.12.35707.178
MinimumVisualStudioVersion = 10.0.40219.1
Project("{FAE04EC0-301F-11D3-BF4B-00C04F79EFBC}") = "ConsoleApp1", "ConsoleApp1\ConsoleApp1.csproj", "{AA782B1F-B8C2-4B53-898B-E6E387A5A5A3}"
EndProject
Project("{FAE04EC0-301F-11D3-BF4B-00C04F79EFBC}") = "ConsoleApp2", "ConsoleApp2\ConsoleApp2.csproj", "{467786BD-BB3C-4516-B665-E7162EB8ECF1}"
EndProject
Project("{FAE04EC0-301F-11D3-BF4B-00C04F79EFBC}") = "Task 2", "Task 2\Task 2.csproj", "{FC88B947-1490-4C89-8D7C-42F000F85D7C}"
EndProject
Project("{FAE04EC0-301F-11D3-BF4B-00C04F79EFBC}") = "problem solving", "problem solving\problem solving.csproj", "{E6F0E122-9BFD-4CEA-A4B9-549528358B25}"
EndProject
Project("{FAE04EC0-301F-11D3-BF4B-00C04F79EFBC}") = "Education purposes only", "Education purposes only\Education purposes only.csproj", "{0D3F6A9B-5615-47F6-8137-35EEDB2A9313}"
EndProject
Project("{FAE04EC0-301F-11D3-BF4B-00C04F79EFBC}") = "Task 3", "Task 3\Task 3.csproj", "{A17C83D4-F9D6-4902-9A0E-39B75A901B6A}"
EndProject
Project("{FAE04EC0-301F-11D3-BF4B-00C04F79EFBC}") = "thuersday topics", "thuersday topics\thuersday topics.csproj", "{4BC646D1-CDAD-4856-AF60-B1D56CE5F232}"
EndProject
Project("{FAE04EC0-301F-11D3-BF4B-00C04F79EFBC}") = "Fourth_task", "Fourth_task\Fourth_task.csproj", "{CD0FD039-8E4A-4647-82AC-3019A5149D79}"
EndProject
Project("{FAE04EC0-301F-11D3-BF4B-00C04F79EFBC}") = "Wenseday topics", "Wenseday topics\Wenseday topics.csproj", "{1F5C43B2-12D3-4858-9997-B65C8D7FA26D}"
EndProject
Project("{FAE04EC0-301F-11D3-BF4B-00C04F79EFBC}") = "Fifth Task", "Fifth Task\Fifth Task.csproj", "{C12CE2A7-3E19-42A4-872A-CA5C23EBB220}"
EndProject
Project("{FAE04EC0-301F-11D3-BF4B-00C04F79EFBC}") = "مواضيع الخميس", "مواضيع الخميس\مواضيع الخميس.csproj", "{BDDFF3CE-E059-48A4-80CB-B20BB3C49710}"
EndProject
Global
	GlobalSection(SolutionConfigurationPlatforms) = preSolution
		Debug|Any CPU = Debug|Any CPU
		Release|Any CPU = Release|Any CPU
	EndGlobalSection
	GlobalSection(ProjectConfigurationPlatforms) = postSolution
		{AA782B1F-B8C2-4B53-898B-E6E387A5A5A3}.Debug|Any CPU.ActiveCfg = Debug|Any CPU
		{AA782B1F-B8C2-4B53-898B-E6E387A5A5A3}.Debug|Any CPU.Build.0 = Debug|Any CPU
		{AA782B1F-B8C2-4B53-898B-E6E387A5A5A3}.Release|Any CPU.ActiveCfg = Release|Any CPU
		{AA782B1F-B8C2-4B53-898B-E6E387A5A5A3}.Release|Any CPU.Build.0 = Release|Any CPU
		{467786BD-BB3C-4516-B665-E7162EB8ECF1}.Debug|Any CPU.ActiveCfg = Debug|Any CPU
		{467786BD-BB3C-4516-B665-E7162EB8ECF1}.Debug|Any CPU.Build.0 = Debug|Any CPU
		{467786BD-BB3C-4516-B665-E7162EB8ECF1}.Release|Any CPU.ActiveCfg = Release|Any CPU
		{467786BD-BB3C-4516-B665-E7162EB8ECF1}.Release|Any CPU.Build.0 = Release|Any CPU
		{FC88B947-1490-4C89-8D7C-42F000F85D7C}.Debug|Any CPU.ActiveCfg = Debug|Any CPU
		{FC88B947-1490-4C89-8D7C-42F000F85D7C}.Debug|Any CPU.Build.0 = Debug|Any CPU
		{FC88B947-1490-4C89-8D7C-42F000F85D7C}.Release|Any CPU.ActiveCfg = Release|Any CPU
		{FC88B947-1490-4C89-8D7C-42F000F85D7C}.Release|Any CPU.Build.0 = Release|Any CPU
		{E6F0E122-9BFD-4CEA-A4B9-549528358B25}.Debug|Any CPU.ActiveCfg = Debug|Any CPU
		{E6F0E122-9BFD-4CEA-A4B9-549528358B25}.Debug|Any CPU.Build.0 = Debug|Any CPU
		{E6F0E122-9BFD-4CEA-A4B9-549528358B25}.Release|Any CPU.ActiveCfg = Release|Any CPU
		{E6F0E122-9BFD-4CEA-A4B9-549528358B25}.Release|Any CPU.Build.0 = Release|Any CPU
		{0D3F6A9B-5615-47F6-8137-35EEDB2A9313}.Debug|Any CPU.ActiveCfg = Debug|Any CPU
		{0D3F6A9B-5615-47F6-8137-35EEDB2A9313}.Debug|Any CPU.Build.0 = Debug|Any CPU
		{0D3F6A9B-5615-47F6-8137-35EEDB2A9313}.Release|Any CPU.ActiveCfg = Release|Any CPU
		{0D3F6A9B-5615-47F6-8137-35EEDB2A9313}.Release|Any CPU.Build.0 = Release|Any CPU
		{A17C83D4-F9D6-4902-9A0E-39B75A901B6A}.Debug|Any CPU.ActiveCfg = Debug|Any CPU
		{A17C83D4-F9D6-4902-9A0E-39B75A901B6A}.Debug|Any CPU.Build.0 = Debug|Any CPU
		{A17C83D4-F9D6-4902-9A0E-39B75A901B6A}.Release|Any CPU.ActiveCfg = Release|Any CPU
		{A17C83D4-F9D6-4902-9A0E-39B75A901B6A}.Release|Any CPU.Build.0 = Release|Any CPU
		{4BC646D1-CDAD-4856-AF60-B1D56CE5F232}.Debug|Any CPU.ActiveCfg = Debug|Any CPU
		{4BC646D1-CDAD-4856-AF60-B1D56CE5F232}.Debug|Any CPU.Build.0 = Debug|Any CPU
		{4BC646D1-CDAD-4856-AF60-B1D56CE5F232}.Release|Any CPU.ActiveCfg = Release|Any CPU
		{4BC646D1-CDAD-4856-AF60-B1D56CE5F232}.Release|Any CPU.Build.0 = Release|Any CPU
		{CD0FD039-8E4A-4647-82AC-3019A5149D79}.Debug|Any CPU.ActiveCfg = Debug|Any CPU
		{CD0FD039-8E4A-4647-82AC-3019A5149D79}.Debug|Any CPU.Build.0 = Debug|Any CPU
		{CD0FD039-8E4A-4647-82AC-3019A5149D79}.Release|Any CPU.ActiveCfg = Release|Any CPU
		{CD0FD039-8E4A-4647-82AC-3019A5149D79}.Release|Any CPU.Build.0 = Release|Any CPU
		{1F5C43B2-12D3-4858-9997-B65C8D7FA26D}.Debug|Any CPU.ActiveCfg = Debug|Any CPU
		{1F5C43B2-12D3-4858-9997-B65C8D7FA26D}.Debug|Any CPU.Build.0 = Debug|Any CPU
		{1F5C43B2-12D3-4858-9997-B65C8D7FA26D}.Release|Any CPU.ActiveCfg = Release|Any CPU
		{1F5C43B2-12D3-4858-9997-B65C8D7FA26D}.Release|Any CPU.Build.0 = Release|Any CPU
		{C12CE2A7-3E19-42A4-872A-CA5C23EBB220}.Debug|Any CPU.ActiveCfg = Debug|Any CPU
		{C12CE2A7-3E19-42A4-872A-CA5C23EBB220}.Debug|Any CPU.Build.0 = Debug|Any CPU
		{C12CE2A7-3E19-42A4-872A-CA5C23EBB220}.Release|Any CPU.ActiveCfg = Release|Any CPU
		{C12CE2A7-3E19-42A4-872A-CA5C23EBB220}.Release|Any CPU.Build.0 = Release|Any CPU
		{BDDFF3CE-E059-48A4-80CB-B20BB3C49710}.Debug|Any CPU.ActiveCfg = Debug|Any CPU
		{BDDFF3CE-E059-48A4-80CB-B20BB3C49710}.Debug|Any CPU.Build.0 = Debug|Any CPU
		{BDDFF3CE-E059-48A4-80CB-B20BB3C49710}.Release|Any CPU.ActiveCfg = Release|Any CPU
		{BDDFF3CE-E059-48A4-80CB-B20BB3C49710}.Release|Any CPU.Build.0 = Release|Any CPU
	EndGlobalSection
	GlobalSection(SolutionProperties) = preSolution
		HideSolutionNode = FALSE
	EndGlobalSection
EndGlobal
